
Microsoft Visual Studio Solution File, Format Version 12.00
# Visual Studio 15
VisualStudioVersion = 15.0.27130.2036
MinimumVisualStudioVersion = 10.0.40219.1
Project("{FAE04EC0-301F-11D3-BF4B-00C04F79EFBC}") = "AsthmaApp.Android", "AsthmaApp\AsthmaApp.Android\AsthmaApp.Android.csproj", "{3188811F-0E08-4669-8838-27F247BF22F0}"
EndProject
Project("{FAE04EC0-301F-11D3-BF4B-00C04F79EFBC}") = "AsthmaApp.iOS", "AsthmaApp\AsthmaApp.iOS\AsthmaApp.iOS.csproj", "{3F21DA58-8B92-4AD2-92D6-79C3617E9649}"
EndProject
Project("{D954291E-2A0B-460D-934E-DC6B0785DB48}") = "AsthmaApp", "AsthmaApp\AsthmaApp\AsthmaApp.shproj", "{A4B319A7-BF8F-40AF-AD09-DC4B57C2EC97}"
EndProject
Global
	GlobalSection(SharedMSBuildProjectFiles) = preSolution
		AsthmaApp\AsthmaApp\AsthmaApp.projitems*{3188811f-0e08-4669-8838-27f247bf22f0}*SharedItemsImports = 4
		AsthmaApp\AsthmaApp\AsthmaApp.projitems*{3f21da58-8b92-4ad2-92d6-79c3617e9649}*SharedItemsImports = 4
		AsthmaApp\AsthmaApp\AsthmaApp.projitems*{a4b319a7-bf8f-40af-ad09-dc4b57c2ec97}*SharedItemsImports = 13
	EndGlobalSection
	GlobalSection(SolutionConfigurationPlatforms) = preSolution
		Ad-Hoc|Any CPU = Ad-Hoc|Any CPU
		Ad-Hoc|iPhone = Ad-Hoc|iPhone
		Ad-Hoc|iPhoneSimulator = Ad-Hoc|iPhoneSimulator
		AppStore|Any CPU = AppStore|Any CPU
		AppStore|iPhone = AppStore|iPhone
		AppStore|iPhoneSimulator = AppStore|iPhoneSimulator
		Debug|Any CPU = Debug|Any CPU
		Debug|iPhone = Debug|iPhone
		Debug|iPhoneSimulator = Debug|iPhoneSimulator
		Release|Any CPU = Release|Any CPU
		Release|iPhone = Release|iPhone
		Release|iPhoneSimulator = Release|iPhoneSimulator
	EndGlobalSection
	GlobalSection(ProjectConfigurationPlatforms) = postSolution
		{3188811F-0E08-4669-8838-27F247BF22F0}.Ad-Hoc|Any CPU.ActiveCfg = Release|Any CPU
		{3188811F-0E08-4669-8838-27F247BF22F0}.Ad-Hoc|Any CPU.Build.0 = Release|Any CPU
		{3188811F-0E08-4669-8838-27F247BF22F0}.Ad-Hoc|Any CPU.Deploy.0 = Release|Any CPU
		{3188811F-0E08-4669-8838-27F247BF22F0}.Ad-Hoc|iPhone.ActiveCfg = Release|Any CPU
		{3188811F-0E08-4669-8838-27F247BF22F0}.Ad-Hoc|iPhone.Build.0 = Release|Any CPU
		{3188811F-0E08-4669-8838-27F247BF22F0}.Ad-Hoc|iPhone.Deploy.0 = Release|Any CPU
		{3188811F-0E08-4669-8838-27F247BF22F0}.Ad-Hoc|iPhoneSimulator.ActiveCfg = Release|Any CPU
		{3188811F-0E08-4669-8838-27F247BF22F0}.Ad-Hoc|iPhoneSimulator.Build.0 = Release|Any CPU
		{3188811F-0E08-4669-8838-27F247BF22F0}.Ad-Hoc|iPhoneSimulator.Deploy.0 = Release|Any CPU
		{3188811F-0E08-4669-8838-27F247BF22F0}.AppStore|Any CPU.ActiveCfg = Release|Any CPU
		{3188811F-0E08-4669-8838-27F247BF22F0}.AppStore|Any CPU.Build.0 = Release|Any CPU
		{3188811F-0E08-4669-8838-27F247BF22F0}.AppStore|Any CPU.Deploy.0 = Release|Any CPU
		{3188811F-0E08-4669-8838-27F247BF22F0}.AppStore|iPhone.ActiveCfg = Release|Any CPU
		{3188811F-0E08-4669-8838-27F247BF22F0}.AppStore|iPhone.Build.0 = Release|Any CPU
		{3188811F-0E08-4669-8838-27F247BF22F0}.AppStore|iPhone.Deploy.0 = Release|Any CPU
		{3188811F-0E08-4669-8838-27F247BF22F0}.AppStore|iPhoneSimulator.ActiveCfg = Release|Any CPU
		{3188811F-0E08-4669-8838-27F247BF22F0}.AppStore|iPhoneSimulator.Build.0 = Release|Any CPU
		{3188811F-0E08-4669-8838-27F247BF22F0}.AppStore|iPhoneSimulator.Deploy.0 = Release|Any CPU
		{3188811F-0E08-4669-8838-27F247BF22F0}.Debug|Any CPU.ActiveCfg = Debug|Any CPU
		{3188811F-0E08-4669-8838-27F247BF22F0}.Debug|Any CPU.Build.0 = Debug|Any CPU
		{3188811F-0E08-4669-8838-27F247BF22F0}.Debug|Any CPU.Deploy.0 = Debug|Any CPU
		{3188811F-0E08-4669-8838-27F247BF22F0}.Debug|iPhone.ActiveCfg = Debug|Any CPU
		{3188811F-0E08-4669-8838-27F247BF22F0}.Debug|iPhone.Build.0 = Debug|Any CPU
		{3188811F-0E08-4669-8838-27F247BF22F0}.Debug|iPhone.Deploy.0 = Debug|Any CPU
		{3188811F-0E08-4669-8838-27F247BF22F0}.Debug|iPhoneSimulator.ActiveCfg = Debug|Any CPU
		{3188811F-0E08-4669-8838-27F247BF22F0}.Debug|iPhoneSimulator.Build.0 = Debug|Any CPU
		{3188811F-0E08-4669-8838-27F247BF22F0}.Debug|iPhoneSimulator.Deploy.0 = Debug|Any CPU
		{3188811F-0E08-4669-8838-27F247BF22F0}.Release|Any CPU.ActiveCfg = Release|Any CPU
		{3188811F-0E08-4669-8838-27F247BF22F0}.Release|Any CPU.Build.0 = Release|Any CPU
		{3188811F-0E08-4669-8838-27F247BF22F0}.Release|Any CPU.Deploy.0 = Release|Any CPU
		{3188811F-0E08-4669-8838-27F247BF22F0}.Release|iPhone.ActiveCfg = Release|Any CPU
		{3188811F-0E08-4669-8838-27F247BF22F0}.Release|iPhone.Build.0 = Release|Any CPU
		{3188811F-0E08-4669-8838-27F247BF22F0}.Release|iPhone.Deploy.0 = Release|Any CPU
		{3188811F-0E08-4669-8838-27F247BF22F0}.Release|iPhoneSimulator.ActiveCfg = Release|Any CPU
		{3188811F-0E08-4669-8838-27F247BF22F0}.Release|iPhoneSimulator.Build.0 = Release|Any CPU
		{3188811F-0E08-4669-8838-27F247BF22F0}.Release|iPhoneSimulator.Deploy.0 = Release|Any CPU
		{3F21DA58-8B92-4AD2-92D6-79C3617E9649}.Ad-Hoc|Any CPU.ActiveCfg = Ad-Hoc|iPhone
		{3F21DA58-8B92-4AD2-92D6-79C3617E9649}.Ad-Hoc|iPhone.ActiveCfg = Ad-Hoc|iPhone
		{3F21DA58-8B92-4AD2-92D6-79C3617E9649}.Ad-Hoc|iPhone.Build.0 = Ad-Hoc|iPhone
		{3F21DA58-8B92-4AD2-92D6-79C3617E9649}.Ad-Hoc|iPhoneSimulator.ActiveCfg = Ad-Hoc|iPhoneSimulator
		{3F21DA58-8B92-4AD2-92D6-79C3617E9649}.Ad-Hoc|iPhoneSimulator.Build.0 = Ad-Hoc|iPhoneSimulator
		{3F21DA58-8B92-4AD2-92D6-79C3617E9649}.AppStore|Any CPU.ActiveCfg = AppStore|iPhone
		{3F21DA58-8B92-4AD2-92D6-79C3617E9649}.AppStore|iPhone.ActiveCfg = AppStore|iPhone
		{3F21DA58-8B92-4AD2-92D6-79C3617E9649}.AppStore|iPhone.Build.0 = AppStore|iPhone
		{3F21DA58-8B92-4AD2-92D6-79C3617E9649}.AppStore|iPhoneSimulator.ActiveCfg = AppStore|iPhoneSimulator
		{3F21DA58-8B92-4AD2-92D6-79C3617E9649}.AppStore|iPhoneSimulator.Build.0 = AppStore|iPhoneSimulator
		{3F21DA58-8B92-4AD2-92D6-79C3617E9649}.Debug|Any CPU.ActiveCfg = Debug|iPhone
		{3F21DA58-8B92-4AD2-92D6-79C3617E9649}.Debug|iPhone.ActiveCfg = Debug|iPhone
		{3F21DA58-8B92-4AD2-92D6-79C3617E9649}.Debug|iPhone.Build.0 = Debug|iPhone
		{3F21DA58-8B92-4AD2-92D6-79C3617E9649}.Debug|iPhoneSimulator.ActiveCfg = Debug|iPhoneSimulator
		{3F21DA58-8B92-4AD2-92D6-79C3617E9649}.Debug|iPhoneSimulator.Build.0 = Debug|iPhoneSimulator
		{3F21DA58-8B92-4AD2-92D6-79C3617E9649}.Release|Any CPU.ActiveCfg = Release|iPhone
		{3F21DA58-8B92-4AD2-92D6-79C3617E9649}.Release|iPhone.ActiveCfg = Release|iPhone
		{3F21DA58-8B92-4AD2-92D6-79C3617E9649}.Release|iPhone.Build.0 = Release|iPhone
		{3F21DA58-8B92-4AD2-92D6-79C3617E9649}.Release|iPhoneSimulator.ActiveCfg = Release|iPhoneSimulator
		{3F21DA58-8B92-4AD2-92D6-79C3617E9649}.Release|iPhoneSimulator.Build.0 = Release|iPhoneSimulator
	EndGlobalSection
	GlobalSection(SolutionProperties) = preSolution
		HideSolutionNode = FALSE
	EndGlobalSection
	GlobalSection(ExtensibilityGlobals) = postSolution
		SolutionGuid = {B9CF3B91-2E64-4984-ABAB-A8E463B3CD63}
	EndGlobalSection
EndGlobal
